
Microsoft Visual Studio Solution File, Format Version 12.00
# Visual Studio Version 17
VisualStudioVersion = 17.5.33516.290
MinimumVisualStudioVersion = 10.0.40219.1
Project("{8BC9CEB8-8B4A-11D0-8D11-00A0C91BC942}") = "ScFCPP12 05 04", "ScFCPP12 05 04\ScFCPP12 05 04.vcxproj", "{70F0A919-7779-4986-9942-2C305D72F943}"
EndProject
Global
	GlobalSection(SolutionConfigurationPlatforms) = preSolution
		Debug|x64 = Debug|x64
		Debug|x86 = Debug|x86
		Release|x64 = Release|x64
		Release|x86 = Release|x86
	EndGlobalSection
	GlobalSection(ProjectConfigurationPlatforms) = postSolution
		{70F0A919-7779-4986-9942-2C305D72F943}.Debug|x64.ActiveCfg = Debug|x64
		{70F0A919-7779-4986-9942-2C305D72F943}.Debug|x64.Build.0 = Debug|x64
		{70F0A919-7779-4986-9942-2C305D72F943}.Debug|x86.ActiveCfg = Debug|Win32
		{70F0A919-7779-4986-9942-2C305D72F943}.Debug|x86.Build.0 = Debug|Win32
		{70F0A919-7779-4986-9942-2C305D72F943}.Release|x64.ActiveCfg = Release|x64
		{70F0A919-7779-4986-9942-2C305D72F943}.Release|x64.Build.0 = Release|x64
		{70F0A919-7779-4986-9942-2C305D72F943}.Release|x86.ActiveCfg = Release|Win32
		{70F0A919-7779-4986-9942-2C305D72F943}.Release|x86.Build.0 = Release|Win32
	EndGlobalSection
	GlobalSection(SolutionProperties) = preSolution
		HideSolutionNode = FALSE
	EndGlobalSection
	GlobalSection(ExtensibilityGlobals) = postSolution
		SolutionGuid = {A5A7C577-8DE5-43D8-9A0D-C0B03EF2B759}
	EndGlobalSection
EndGlobal
